
Microsoft Visual Studio Solution File, Format Version 12.00
# Visual Studio 15
VisualStudioVersion = 15.0.28307.1145
MinimumVisualStudioVersion = 10.0.40219.1
Project("{FAE04EC0-301F-11D3-BF4B-00C04F79EFBC}") = "PowerConversion", "PowerConversion\PowerConversion.csproj", "{955F09A6-4F8C-48FD-A81E-76DEC9163145}"
	ProjectSection(ProjectDependencies) = postProject
		{B5F8EACA-3967-470B-A7B1-4B8632457940} = {B5F8EACA-3967-470B-A7B1-4B8632457940}
	EndProjectSection
EndProject
Project("{8BC9CEB8-8B4A-11D0-8D11-00A0C91BC942}") = "PowerFunctions", "PowerFunctions\PowerFunctions.vcxproj", "{B5F8EACA-3967-470B-A7B1-4B8632457940}"
EndProject
Project("{54435603-DBB4-11D2-8724-00A0C9A8B90C}") = "PowerConversionInstall", "PowerConversionInstall\PowerConversionInstall.vdproj", "{C98485FA-B4B7-42C0-95B5-F69F573B08A0}"
EndProject
Global
	GlobalSection(SolutionConfigurationPlatforms) = preSolution
		Debug|Any CPU = Debug|Any CPU
		Debug|x64 = Debug|x64
		Debug|x86 = Debug|x86
		Release|Any CPU = Release|Any CPU
		Release|x64 = Release|x64
		Release|x86 = Release|x86
	EndGlobalSection
	GlobalSection(ProjectConfigurationPlatforms) = postSolution
		{955F09A6-4F8C-48FD-A81E-76DEC9163145}.Debug|Any CPU.ActiveCfg = Debug|Any CPU
		{955F09A6-4F8C-48FD-A81E-76DEC9163145}.Debug|Any CPU.Build.0 = Debug|Any CPU
		{955F09A6-4F8C-48FD-A81E-76DEC9163145}.Debug|x64.ActiveCfg = Debug|Any CPU
		{955F09A6-4F8C-48FD-A81E-76DEC9163145}.Debug|x64.Build.0 = Debug|Any CPU
		{955F09A6-4F8C-48FD-A81E-76DEC9163145}.Debug|x86.ActiveCfg = Debug|Any CPU
		{955F09A6-4F8C-48FD-A81E-76DEC9163145}.Debug|x86.Build.0 = Debug|Any CPU
		{955F09A6-4F8C-48FD-A81E-76DEC9163145}.Release|Any CPU.ActiveCfg = Release|Any CPU
		{955F09A6-4F8C-48FD-A81E-76DEC9163145}.Release|Any CPU.Build.0 = Release|Any CPU
		{955F09A6-4F8C-48FD-A81E-76DEC9163145}.Release|x64.ActiveCfg = Release|Any CPU
		{955F09A6-4F8C-48FD-A81E-76DEC9163145}.Release|x64.Build.0 = Release|Any CPU
		{955F09A6-4F8C-48FD-A81E-76DEC9163145}.Release|x86.ActiveCfg = Release|Any CPU
		{955F09A6-4F8C-48FD-A81E-76DEC9163145}.Release|x86.Build.0 = Release|Any CPU
		{B5F8EACA-3967-470B-A7B1-4B8632457940}.Debug|Any CPU.ActiveCfg = Debug|Win32
		{B5F8EACA-3967-470B-A7B1-4B8632457940}.Debug|Any CPU.Build.0 = Debug|Win32
		{B5F8EACA-3967-470B-A7B1-4B8632457940}.Debug|x64.ActiveCfg = Debug|x64
		{B5F8EACA-3967-470B-A7B1-4B8632457940}.Debug|x64.Build.0 = Debug|x64
		{B5F8EACA-3967-470B-A7B1-4B8632457940}.Debug|x86.ActiveCfg = Debug|Win32
		{B5F8EACA-3967-470B-A7B1-4B8632457940}.Debug|x86.Build.0 = Debug|Win32
		{B5F8EACA-3967-470B-A7B1-4B8632457940}.Release|Any CPU.ActiveCfg = Release|Win32
		{B5F8EACA-3967-470B-A7B1-4B8632457940}.Release|x64.ActiveCfg = Release|x64
		{B5F8EACA-3967-470B-A7B1-4B8632457940}.Release|x64.Build.0 = Release|x64
		{B5F8EACA-3967-470B-A7B1-4B8632457940}.Release|x86.ActiveCfg = Release|Win32
		{B5F8EACA-3967-470B-A7B1-4B8632457940}.Release|x86.Build.0 = Release|Win32
		{C98485FA-B4B7-42C0-95B5-F69F573B08A0}.Debug|Any CPU.ActiveCfg = Debug
		{C98485FA-B4B7-42C0-95B5-F69F573B08A0}.Debug|Any CPU.Build.0 = Debug
		{C98485FA-B4B7-42C0-95B5-F69F573B08A0}.Debug|x64.ActiveCfg = Debug
		{C98485FA-B4B7-42C0-95B5-F69F573B08A0}.Debug|x86.ActiveCfg = Debug
		{C98485FA-B4B7-42C0-95B5-F69F573B08A0}.Release|Any CPU.ActiveCfg = Release
		{C98485FA-B4B7-42C0-95B5-F69F573B08A0}.Release|x64.ActiveCfg = Release
		{C98485FA-B4B7-42C0-95B5-F69F573B08A0}.Release|x86.ActiveCfg = Release
	EndGlobalSection
	GlobalSection(SolutionProperties) = preSolution
		HideSolutionNode = FALSE
	EndGlobalSection
	GlobalSection(ExtensibilityGlobals) = postSolution
		SolutionGuid = {E1FFCB65-6DA4-4EC0-AA7F-3A9B93E98C8A}
	EndGlobalSection
EndGlobal
